
Microsoft Visual Studio Solution File, Format Version 12.00
# Visual Studio Version 16
VisualStudioVersion = 16.0.30907.101
MinimumVisualStudioVersion = 10.0.40219.1
Project("{FAE04EC0-301F-11D3-BF4B-00C04F79EFBC}") = "note", "note.csproj", "{B9E1CA97-310C-4728-97EA-8C9314780751}"
EndProject
Global
	GlobalSection(SolutionConfigurationPlatforms) = preSolution
		Debug|Any CPU = Debug|Any CPU
		Release|Any CPU = Release|Any CPU
	EndGlobalSection
	GlobalSection(ProjectConfigurationPlatforms) = postSolution
		{B9E1CA97-310C-4728-97EA-8C9314780751}.Debug|Any CPU.ActiveCfg = Debug|Any CPU
		{B9E1CA97-310C-4728-97EA-8C9314780751}.Debug|Any CPU.Build.0 = Debug|Any CPU
		{B9E1CA97-310C-4728-97EA-8C9314780751}.Release|Any CPU.ActiveCfg = Release|Any CPU
		{B9E1CA97-310C-4728-97EA-8C9314780751}.Release|Any CPU.Build.0 = Release|Any CPU
	EndGlobalSection
	GlobalSection(SolutionProperties) = preSolution
		HideSolutionNode = FALSE
	EndGlobalSection
	GlobalSection(ExtensibilityGlobals) = postSolution
		SolutionGuid = {8D8F809B-22BC-4AAC-A017-6F43E0D454B0}
	EndGlobalSection
EndGlobal
